
Microsoft Visual Studio Solution File, Format Version 12.00
# Visual Studio 15
VisualStudioVersion = 15.0.28307.757
MinimumVisualStudioVersion = 10.0.40219.1
Project("{2150E333-8FDC-42A3-9474-1A3956D46DE8}") = "Application", "Application", "{D3A90BE4-D39D-4DB8-A1D1-1C89E56698B6}"
EndProject
Project("{2150E333-8FDC-42A3-9474-1A3956D46DE8}") = "Domain", "Domain", "{241DDA73-84A7-47A8-B273-CA19416E2143}"
EndProject
Project("{2150E333-8FDC-42A3-9474-1A3956D46DE8}") = "Infra.Data", "Infra.Data", "{A8F02F5C-43FA-46DC-867E-9264938A930C}"
EndProject
Project("{2150E333-8FDC-42A3-9474-1A3956D46DE8}") = "Presentation", "Presentation", "{876283D9-DBBF-45CD-AF29-76FE34539607}"
EndProject
Project("{9A19103F-16F7-4668-BE54-9A1E7A4F7556}") = "CleanArch.Domain", "CleanArch.Domain\CleanArch.Domain.csproj", "{60190DE0-CC28-4276-A9AE-114015AEBE2E}"
EndProject
Project("{9A19103F-16F7-4668-BE54-9A1E7A4F7556}") = "CleanArch.Mvc", "CleanArch.Mvc\CleanArch.Mvc.csproj", "{3445BC25-A111-4FED-8E03-DDA3B95C7CD0}"
EndProject
Project("{9A19103F-16F7-4668-BE54-9A1E7A4F7556}") = "CleanArch.Infra.Data", "CleanArch.Infra.Data\CleanArch.Infra.Data.csproj", "{74DD709D-5931-4EC3-AC0B-73B8BD3C171F}"
EndProject
Project("{9A19103F-16F7-4668-BE54-9A1E7A4F7556}") = "CleanArch.Application", "CleanArch.Application\CleanArch.Application.csproj", "{8E1D8DFE-C378-4BCA-B46B-679ADE586174}"
EndProject
Project("{2150E333-8FDC-42A3-9474-1A3956D46DE8}") = "Infra.IoC", "Infra.IoC", "{03F9B5DA-1C5A-4103-BB9F-686435DB4168}"
EndProject
Project("{9A19103F-16F7-4668-BE54-9A1E7A4F7556}") = "CleanArch.Infra.IoC", "CleanArch.Infra.IoC\CleanArch.Infra.IoC.csproj", "{B9877AC2-9DAA-45A6-831C-81536C1405B7}"
EndProject
Project("{2150E333-8FDC-42A3-9474-1A3956D46DE8}") = "Infra.Bus", "Infra.Bus", "{EA578B45-A568-4D6B-B333-BEB6E43235F0}"
EndProject
Project("{2150E333-8FDC-42A3-9474-1A3956D46DE8}") = "Api", "Api", "{E7394A2E-3D0C-4B95-9437-393AEAA1A7E9}"
EndProject
Project("{FAE04EC0-301F-11D3-BF4B-00C04F79EFBC}") = "CleanArch.Infra.Bus", "CleanArch.Infra.Bus\CleanArch.Infra.Bus.csproj", "{56AFD556-4FD0-44A7-A744-C7AB32900129}"
EndProject
Project("{FAE04EC0-301F-11D3-BF4B-00C04F79EFBC}") = "CleanArch.Domain.Core", "CleanArch.Domain.Core\CleanArch.Domain.Core.csproj", "{D29B8329-21AE-4422-8651-7971CF920177}"
EndProject
Global
	GlobalSection(SolutionConfigurationPlatforms) = preSolution
		Debug|Any CPU = Debug|Any CPU
		Release|Any CPU = Release|Any CPU
	EndGlobalSection
	GlobalSection(ProjectConfigurationPlatforms) = postSolution
		{60190DE0-CC28-4276-A9AE-114015AEBE2E}.Debug|Any CPU.ActiveCfg = Debug|Any CPU
		{60190DE0-CC28-4276-A9AE-114015AEBE2E}.Debug|Any CPU.Build.0 = Debug|Any CPU
		{60190DE0-CC28-4276-A9AE-114015AEBE2E}.Release|Any CPU.ActiveCfg = Release|Any CPU
		{60190DE0-CC28-4276-A9AE-114015AEBE2E}.Release|Any CPU.Build.0 = Release|Any CPU
		{3445BC25-A111-4FED-8E03-DDA3B95C7CD0}.Debug|Any CPU.ActiveCfg = Debug|Any CPU
		{3445BC25-A111-4FED-8E03-DDA3B95C7CD0}.Debug|Any CPU.Build.0 = Debug|Any CPU
		{3445BC25-A111-4FED-8E03-DDA3B95C7CD0}.Release|Any CPU.ActiveCfg = Release|Any CPU
		{3445BC25-A111-4FED-8E03-DDA3B95C7CD0}.Release|Any CPU.Build.0 = Release|Any CPU
		{74DD709D-5931-4EC3-AC0B-73B8BD3C171F}.Debug|Any CPU.ActiveCfg = Debug|Any CPU
		{74DD709D-5931-4EC3-AC0B-73B8BD3C171F}.Debug|Any CPU.Build.0 = Debug|Any CPU
		{74DD709D-5931-4EC3-AC0B-73B8BD3C171F}.Release|Any CPU.ActiveCfg = Release|Any CPU
		{74DD709D-5931-4EC3-AC0B-73B8BD3C171F}.Release|Any CPU.Build.0 = Release|Any CPU
		{8E1D8DFE-C378-4BCA-B46B-679ADE586174}.Debug|Any CPU.ActiveCfg = Debug|Any CPU
		{8E1D8DFE-C378-4BCA-B46B-679ADE586174}.Debug|Any CPU.Build.0 = Debug|Any CPU
		{8E1D8DFE-C378-4BCA-B46B-679ADE586174}.Release|Any CPU.ActiveCfg = Release|Any CPU
		{8E1D8DFE-C378-4BCA-B46B-679ADE586174}.Release|Any CPU.Build.0 = Release|Any CPU
		{B9877AC2-9DAA-45A6-831C-81536C1405B7}.Debug|Any CPU.ActiveCfg = Debug|Any CPU
		{B9877AC2-9DAA-45A6-831C-81536C1405B7}.Debug|Any CPU.Build.0 = Debug|Any CPU
		{B9877AC2-9DAA-45A6-831C-81536C1405B7}.Release|Any CPU.ActiveCfg = Release|Any CPU
		{B9877AC2-9DAA-45A6-831C-81536C1405B7}.Release|Any CPU.Build.0 = Release|Any CPU
		{56AFD556-4FD0-44A7-A744-C7AB32900129}.Debug|Any CPU.ActiveCfg = Debug|Any CPU
		{56AFD556-4FD0-44A7-A744-C7AB32900129}.Debug|Any CPU.Build.0 = Debug|Any CPU
		{56AFD556-4FD0-44A7-A744-C7AB32900129}.Release|Any CPU.ActiveCfg = Release|Any CPU
		{56AFD556-4FD0-44A7-A744-C7AB32900129}.Release|Any CPU.Build.0 = Release|Any CPU
		{D29B8329-21AE-4422-8651-7971CF920177}.Debug|Any CPU.ActiveCfg = Debug|Any CPU
		{D29B8329-21AE-4422-8651-7971CF920177}.Debug|Any CPU.Build.0 = Debug|Any CPU
		{D29B8329-21AE-4422-8651-7971CF920177}.Release|Any CPU.ActiveCfg = Release|Any CPU
		{D29B8329-21AE-4422-8651-7971CF920177}.Release|Any CPU.Build.0 = Release|Any CPU
	EndGlobalSection
	GlobalSection(SolutionProperties) = preSolution
		HideSolutionNode = FALSE
	EndGlobalSection
	GlobalSection(NestedProjects) = preSolution
		{60190DE0-CC28-4276-A9AE-114015AEBE2E} = {241DDA73-84A7-47A8-B273-CA19416E2143}
		{3445BC25-A111-4FED-8E03-DDA3B95C7CD0} = {876283D9-DBBF-45CD-AF29-76FE34539607}
		{74DD709D-5931-4EC3-AC0B-73B8BD3C171F} = {A8F02F5C-43FA-46DC-867E-9264938A930C}
		{8E1D8DFE-C378-4BCA-B46B-679ADE586174} = {D3A90BE4-D39D-4DB8-A1D1-1C89E56698B6}
		{B9877AC2-9DAA-45A6-831C-81536C1405B7} = {03F9B5DA-1C5A-4103-BB9F-686435DB4168}
		{56AFD556-4FD0-44A7-A744-C7AB32900129} = {EA578B45-A568-4D6B-B333-BEB6E43235F0}
		{D29B8329-21AE-4422-8651-7971CF920177} = {241DDA73-84A7-47A8-B273-CA19416E2143}
	EndGlobalSection
	GlobalSection(ExtensibilityGlobals) = postSolution
		SolutionGuid = {1D978F3C-7A3A-427E-B672-0BEE43382139}
	EndGlobalSection
EndGlobal
